
Microsoft Visual Studio Solution File, Format Version 12.00
# Visual Studio Version 17
VisualStudioVersion = 17.0.31903.59
MinimumVisualStudioVersion = 10.0.40219.1
Project("{2150E333-8FDC-42A3-9474-1A3956D46DE8}") = "src", "src", "{77A47E21-B7DA-482A-B663-419ECFC190F2}"
EndProject
Project("{FAE04EC0-301F-11D3-BF4B-00C04F79EFBC}") = "MediCloud.API", "src\MediCloud.API\MediCloud.API.csproj", "{2393C3CF-6EDE-45FB-A37C-A102180AA741}"
EndProject
Project("{FAE04EC0-301F-11D3-BF4B-00C04F79EFBC}") = "MediCloud.Core", "src\MediCloud.Core\MediCloud.Core.csproj", "{E45F9ECE-C457-4598-886E-FB6FCB03AE30}"
EndProject
Project("{FAE04EC0-301F-11D3-BF4B-00C04F79EFBC}") = "MediCloud.Infrastructure", "src\MediCloud.Infrastructure\MediCloud.Infrastructure.csproj", "{3AC5F0CE-C849-47BD-B76C-3A51BF5AD530}"
EndProject
Project("{FAE04EC0-301F-11D3-BF4B-00C04F79EFBC}") = "MediCloud.Tests", "src\MediCloud.Tests\MediCloud.Tests.csproj", "{8993D82A-8511-48D7-8D56-60183487B7FF}"
EndProject
Global
	GlobalSection(SolutionConfigurationPlatforms) = preSolution
		Debug|Any CPU = Debug|Any CPU
		Release|Any CPU = Release|Any CPU
	EndGlobalSection
	GlobalSection(SolutionProperties) = preSolution
		HideSolutionNode = FALSE
	EndGlobalSection
	GlobalSection(ProjectConfigurationPlatforms) = postSolution
		{2393C3CF-6EDE-45FB-A37C-A102180AA741}.Debug|Any CPU.ActiveCfg = Debug|Any CPU
		{2393C3CF-6EDE-45FB-A37C-A102180AA741}.Debug|Any CPU.Build.0 = Debug|Any CPU
		{2393C3CF-6EDE-45FB-A37C-A102180AA741}.Release|Any CPU.ActiveCfg = Release|Any CPU
		{2393C3CF-6EDE-45FB-A37C-A102180AA741}.Release|Any CPU.Build.0 = Release|Any CPU
		{E45F9ECE-C457-4598-886E-FB6FCB03AE30}.Debug|Any CPU.ActiveCfg = Debug|Any CPU
		{E45F9ECE-C457-4598-886E-FB6FCB03AE30}.Debug|Any CPU.Build.0 = Debug|Any CPU
		{E45F9ECE-C457-4598-886E-FB6FCB03AE30}.Release|Any CPU.ActiveCfg = Release|Any CPU
		{E45F9ECE-C457-4598-886E-FB6FCB03AE30}.Release|Any CPU.Build.0 = Release|Any CPU
		{3AC5F0CE-C849-47BD-B76C-3A51BF5AD530}.Debug|Any CPU.ActiveCfg = Debug|Any CPU
		{3AC5F0CE-C849-47BD-B76C-3A51BF5AD530}.Debug|Any CPU.Build.0 = Debug|Any CPU
		{3AC5F0CE-C849-47BD-B76C-3A51BF5AD530}.Release|Any CPU.ActiveCfg = Release|Any CPU
		{3AC5F0CE-C849-47BD-B76C-3A51BF5AD530}.Release|Any CPU.Build.0 = Release|Any CPU
		{8993D82A-8511-48D7-8D56-60183487B7FF}.Debug|Any CPU.ActiveCfg = Debug|Any CPU
		{8993D82A-8511-48D7-8D56-60183487B7FF}.Debug|Any CPU.Build.0 = Debug|Any CPU
		{8993D82A-8511-48D7-8D56-60183487B7FF}.Release|Any CPU.ActiveCfg = Release|Any CPU
		{8993D82A-8511-48D7-8D56-60183487B7FF}.Release|Any CPU.Build.0 = Release|Any CPU
	EndGlobalSection
	GlobalSection(NestedProjects) = preSolution
		{2393C3CF-6EDE-45FB-A37C-A102180AA741} = {77A47E21-B7DA-482A-B663-419ECFC190F2}
		{E45F9ECE-C457-4598-886E-FB6FCB03AE30} = {77A47E21-B7DA-482A-B663-419ECFC190F2}
		{3AC5F0CE-C849-47BD-B76C-3A51BF5AD530} = {77A47E21-B7DA-482A-B663-419ECFC190F2}
		{8993D82A-8511-48D7-8D56-60183487B7FF} = {77A47E21-B7DA-482A-B663-419ECFC190F2}
	EndGlobalSection
EndGlobal
